
Microsoft Visual Studio Solution File, Format Version 12.00
# Visual Studio Version 17
VisualStudioVersion = 17.6.33712.159
MinimumVisualStudioVersion = 10.0.40219.1
Project("{9A19103F-16F7-4668-BE54-9A1E7A4F7556}") = "PracticePanther.CLI", "PracticePanther.CLI\PracticePanther.CLI.csproj", "{000BB47E-6961-4A5C-9B6B-9FCA8A429818}"
EndProject
Project("{9A19103F-16F7-4668-BE54-9A1E7A4F7556}") = "PracticePanther.Library", "PracticePanther.Library\PracticePanther.Library.csproj", "{79609699-D068-42C3-A9D4-08E2A274A7BD}"
EndProject
Project("{FAE04EC0-301F-11D3-BF4B-00C04F79EFBC}") = "PracticePanther.MAUI", "PracticePanther.MAUI\PracticePanther.MAUI.csproj", "{EE1FEAE7-7C3B-4EE5-8EFA-31AA140A83B4}"
EndProject
Global
	GlobalSection(SolutionConfigurationPlatforms) = preSolution
		Debug|Any CPU = Debug|Any CPU
		Release|Any CPU = Release|Any CPU
	EndGlobalSection
	GlobalSection(ProjectConfigurationPlatforms) = postSolution
		{000BB47E-6961-4A5C-9B6B-9FCA8A429818}.Debug|Any CPU.ActiveCfg = Debug|Any CPU
		{000BB47E-6961-4A5C-9B6B-9FCA8A429818}.Debug|Any CPU.Build.0 = Debug|Any CPU
		{000BB47E-6961-4A5C-9B6B-9FCA8A429818}.Release|Any CPU.ActiveCfg = Release|Any CPU
		{000BB47E-6961-4A5C-9B6B-9FCA8A429818}.Release|Any CPU.Build.0 = Release|Any CPU
		{79609699-D068-42C3-A9D4-08E2A274A7BD}.Debug|Any CPU.ActiveCfg = Debug|Any CPU
		{79609699-D068-42C3-A9D4-08E2A274A7BD}.Debug|Any CPU.Build.0 = Debug|Any CPU
		{79609699-D068-42C3-A9D4-08E2A274A7BD}.Release|Any CPU.ActiveCfg = Release|Any CPU
		{79609699-D068-42C3-A9D4-08E2A274A7BD}.Release|Any CPU.Build.0 = Release|Any CPU
		{EE1FEAE7-7C3B-4EE5-8EFA-31AA140A83B4}.Debug|Any CPU.ActiveCfg = Debug|Any CPU
		{EE1FEAE7-7C3B-4EE5-8EFA-31AA140A83B4}.Debug|Any CPU.Build.0 = Debug|Any CPU
		{EE1FEAE7-7C3B-4EE5-8EFA-31AA140A83B4}.Debug|Any CPU.Deploy.0 = Debug|Any CPU
		{EE1FEAE7-7C3B-4EE5-8EFA-31AA140A83B4}.Release|Any CPU.ActiveCfg = Release|Any CPU
		{EE1FEAE7-7C3B-4EE5-8EFA-31AA140A83B4}.Release|Any CPU.Build.0 = Release|Any CPU
		{EE1FEAE7-7C3B-4EE5-8EFA-31AA140A83B4}.Release|Any CPU.Deploy.0 = Release|Any CPU
	EndGlobalSection
	GlobalSection(SolutionProperties) = preSolution
		HideSolutionNode = FALSE
	EndGlobalSection
	GlobalSection(ExtensibilityGlobals) = postSolution
		SolutionGuid = {C317E93C-8A33-4C0F-9BAC-C498508EF843}
	EndGlobalSection
EndGlobal
